// !$*UTF8*$!
{
	archiveVersion = 1;
	classes = {
	};
	objectVersion = 77;
	objects = {

/* Begin PBXBuildFile section */
		C20ED4882E657F9800CDADBD /* SciChart in Frameworks */ = {isa = PBXBuildFile; productRef = C20ED4872E657F9800CDADBD /* SciChart */; };
		C20ED50E2E6582AB00CDADBD /* Assets.xcassets in Resources */ = {isa = PBXBuildFile; fileRef = C20ED5022E6582AB00CDADBD /* Assets.xcassets */; };
		C20ED5102E6582AB00CDADBD /* LaunchScreen.storyboard in Resources */ = {isa = PBXBuildFile; fileRef = C20ED5072E6582AB00CDADBD /* LaunchScreen.storyboard */; };
		C20ED5112E6582AB00CDADBD /* AppDelegate.swift in Sources */ = {isa = PBXBuildFile; fileRef = C20ED5012E6582AB00CDADBD /* AppDelegate.swift */; };
		C20ED5122E6582AB00CDADBD /* CustomSeriesInfoProvider.swift in Sources */ = {isa = PBXBuildFile; fileRef = C20ED5042E6582AB00CDADBD /* CustomSeriesInfoProvider.swift */; };
		C20ED5142E6582AB00CDADBD /* ViewController.swift in Sources */ = {isa = PBXBuildFile; fileRef = C20ED50B2E6582AB00CDADBD /* ViewController.swift */; };
		C20ED5152E6582AB00CDADBD /* ChartViewModel.swift in Sources */ = {isa = PBXBuildFile; fileRef = C20ED5032E6582AB00CDADBD /* ChartViewModel.swift */; };
/* End PBXBuildFile section */

/* Begin PBXFileReference section */
		C20ED46A2E657E0600CDADBD /* Tutorial 09 - ChartModifier To ViewModel.app */ = {isa = PBXFileReference; explicitFileType = wrapper.application; includeInIndex = 0; path = "Tutorial 09 - ChartModifier To ViewModel.app"; sourceTree = BUILT_PRODUCTS_DIR; };
		C20ED5012E6582AB00CDADBD /* AppDelegate.swift */ = {isa = PBXFileReference; lastKnownFileType = sourcecode.swift; path = AppDelegate.swift; sourceTree = "<group>"; };
		C20ED5022E6582AB00CDADBD /* Assets.xcassets */ = {isa = PBXFileReference; lastKnownFileType = folder.assetcatalog; path = Assets.xcassets; sourceTree = "<group>"; };
		C20ED5032E6582AB00CDADBD /* ChartViewModel.swift */ = {isa = PBXFileReference; lastKnownFileType = sourcecode.swift; path = ChartViewModel.swift; sourceTree = "<group>"; };
		C20ED5042E6582AB00CDADBD /* CustomSeriesInfoProvider.swift */ = {isa = PBXFileReference; lastKnownFileType = sourcecode.swift; path = CustomSeriesInfoProvider.swift; sourceTree = "<group>"; };
		C20ED5052E6582AB00CDADBD /* Info.plist */ = {isa = PBXFileReference; lastKnownFileType = text.plist.xml; path = Info.plist; sourceTree = "<group>"; };
		C20ED5062E6582AB00CDADBD /* Base */ = {isa = PBXFileReference; lastKnownFileType = file.storyboard; name = Base; path = Base.lproj/LaunchScreen.storyboard; sourceTree = "<group>"; };
		C20ED50B2E6582AB00CDADBD /* ViewController.swift */ = {isa = PBXFileReference; lastKnownFileType = sourcecode.swift; path = ViewController.swift; sourceTree = "<group>"; };
/* End PBXFileReference section */

/* Begin PBXFrameworksBuildPhase section */
		C20ED4672E657E0600CDADBD /* Frameworks */ = {
			isa = PBXFrameworksBuildPhase;
			buildActionMask = 2147483647;
			files = (
				C20ED4882E657F9800CDADBD /* SciChart in Frameworks */,
			);
			runOnlyForDeploymentPostprocessing = 0;
		};
/* End PBXFrameworksBuildPhase section */

/* Begin PBXGroup section */
		C20ED4612E657E0600CDADBD = {
			isa = PBXGroup;
			children = (
				C20ED50C2E6582AB00CDADBD /* Tutorial 09 - ChartModifier To ViewModel */,
				C20ED46B2E657E0600CDADBD /* Products */,
			);
			sourceTree = "<group>";
		};
		C20ED46B2E657E0600CDADBD /* Products */ = {
			isa = PBXGroup;
			children = (
				C20ED46A2E657E0600CDADBD /* Tutorial 09 - ChartModifier To ViewModel.app */,
			);
			name = Products;
			sourceTree = "<group>";
		};
		C20ED50C2E6582AB00CDADBD /* Tutorial 09 - ChartModifier To ViewModel */ = {
			isa = PBXGroup;
			children = (
				C20ED5012E6582AB00CDADBD /* AppDelegate.swift */,
				C20ED5022E6582AB00CDADBD /* Assets.xcassets */,
				C20ED5032E6582AB00CDADBD /* ChartViewModel.swift */,
				C20ED5042E6582AB00CDADBD /* CustomSeriesInfoProvider.swift */,
				C20ED5052E6582AB00CDADBD /* Info.plist */,
				C20ED5072E6582AB00CDADBD /* LaunchScreen.storyboard */,
				C20ED50B2E6582AB00CDADBD /* ViewController.swift */,
			);
			path = "Tutorial 09 - ChartModifier To ViewModel";
			sourceTree = "<group>";
		};
/* End PBXGroup section */

/* Begin PBXNativeTarget section */
		C20ED4692E657E0600CDADBD /* Tutorial 09 - ChartModifier To ViewModel */ = {
			isa = PBXNativeTarget;
			buildConfigurationList = C20ED47D2E657E0700CDADBD /* Build configuration list for PBXNativeTarget "Tutorial 09 - ChartModifier To ViewModel" */;
			buildPhases = (
				C20ED4662E657E0600CDADBD /* Sources */,
				C20ED4672E657E0600CDADBD /* Frameworks */,
				C20ED4682E657E0600CDADBD /* Resources */,
			);
			buildRules = (
			);
			dependencies = (
			);
			name = "Tutorial 09 - ChartModifier To ViewModel";
			packageProductDependencies = (
				C20ED4872E657F9800CDADBD /* SciChart */,
			);
			productName = "Tutorial 09 - ChartModifier To ViewModel";
			productReference = C20ED46A2E657E0600CDADBD /* Tutorial 09 - ChartModifier To ViewModel.app */;
			productType = "com.apple.product-type.application";
		};
/* End PBXNativeTarget section */

/* Begin PBXProject section */
		C20ED4622E657E0600CDADBD /* Project object */ = {
			isa = PBXProject;
			attributes = {
				BuildIndependentTargetsInParallel = 1;
				LastSwiftUpdateCheck = 1640;
				LastUpgradeCheck = 1640;
				TargetAttributes = {
					C20ED4692E657E0600CDADBD = {
						CreatedOnToolsVersion = 16.4;
					};
				};
			};
			buildConfigurationList = C20ED4652E657E0600CDADBD /* Build configuration list for PBXProject "Tutorial 09 - ChartModifier To ViewModel" */;
			developmentRegion = en;
			hasScannedForEncodings = 0;
			knownRegions = (
				en,
				Base,
			);
			mainGroup = C20ED4612E657E0600CDADBD;
			minimizedProjectReferenceProxies = 1;
			packageReferences = (
				C20ED4862E657F9800CDADBD /* XCRemoteSwiftPackageReference "SciChart-SP" */,
			);
			preferredProjectObjectVersion = 77;
			productRefGroup = C20ED46B2E657E0600CDADBD /* Products */;
			projectDirPath = "";
			projectRoot = "";
			targets = (
				C20ED4692E657E0600CDADBD /* Tutorial 09 - ChartModifier To ViewModel */,
			);
		};
/* End PBXProject section */

/* Begin PBXResourcesBuildPhase section */
		C20ED4682E657E0600CDADBD /* Resources */ = {
			isa = PBXResourcesBuildPhase;
			buildActionMask = 2147483647;
			files = (
				C20ED50E2E6582AB00CDADBD /* Assets.xcassets in Resources */,
				C20ED5102E6582AB00CDADBD /* LaunchScreen.storyboard in Resources */,
			);
			runOnlyForDeploymentPostprocessing = 0;
		};
/* End PBXResourcesBuildPhase section */

/* Begin PBXSourcesBuildPhase section */
		C20ED4662E657E0600CDADBD /* Sources */ = {
			isa = PBXSourcesBuildPhase;
			buildActionMask = 2147483647;
			files = (
				C20ED5112E6582AB00CDADBD /* AppDelegate.swift in Sources */,
				C20ED5122E6582AB00CDADBD /* CustomSeriesInfoProvider.swift in Sources */,
				C20ED5142E6582AB00CDADBD /* ViewController.swift in Sources */,
				C20ED5152E6582AB00CDADBD /* ChartViewModel.swift in Sources */,
			);
			runOnlyForDeploymentPostprocessing = 0;
		};
/* End PBXSourcesBuildPhase section */

/* Begin PBXVariantGroup section */
		C20ED5072E6582AB00CDADBD /* LaunchScreen.storyboard */ = {
			isa = PBXVariantGroup;
			children = (
				C20ED5062E6582AB00CDADBD /* Base */,
			);
			name = LaunchScreen.storyboard;
			sourceTree = "<group>";
		};
/* End PBXVariantGroup section */

/* Begin XCBuildConfiguration section */
		C20ED47E2E657E0700CDADBD /* Debug */ = {
			isa = XCBuildConfiguration;
			buildSettings = {
				ASSETCATALOG_COMPILER_APPICON_NAME = AppIcon;
				ASSETCATALOG_COMPILER_GLOBAL_ACCENT_COLOR_NAME = AccentColor;
				CODE_SIGN_STYLE = Automatic;
				CURRENT_PROJECT_VERSION = 1;
				GENERATE_INFOPLIST_FILE = YES;
				INFOPLIST_FILE = "Tutorial 09 - ChartModifier To ViewModel/Info.plist";
				INFOPLIST_KEY_UIApplicationSupportsIndirectInputEvents = YES;
				INFOPLIST_KEY_UILaunchStoryboardName = LaunchScreen;
				INFOPLIST_KEY_UISupportedInterfaceOrientations_iPad = "UIInterfaceOrientationPortrait UIInterfaceOrientationPortraitUpsideDown UIInterfaceOrientationLandscapeLeft UIInterfaceOrientationLandscapeRight";
				INFOPLIST_KEY_UISupportedInterfaceOrientations_iPhone = "UIInterfaceOrientationPortrait UIInterfaceOrientationLandscapeLeft UIInterfaceOrientationLandscapeRight";
				LD_RUNPATH_SEARCH_PATHS = (
					"$(inherited)",
					"@executable_path/Frameworks",
				);
				MARKETING_VERSION = 1.0;
				PRODUCT_BUNDLE_IDENTIFIER = "com.cn.Tutorial-09---ChartModifier-To-ViewModel";
				PRODUCT_NAME = "$(TARGET_NAME)";
				SWIFT_EMIT_LOC_STRINGS = YES;
				SWIFT_VERSION = 5.0;
				TARGETED_DEVICE_FAMILY = "1,2";
			};
			name = Debug;
		};
		C20ED47F2E657E0700CDADBD /* Release */ = {
			isa = XCBuildConfiguration;
			buildSettings = {
				ASSETCATALOG_COMPILER_APPICON_NAME = AppIcon;
				ASSETCATALOG_COMPILER_GLOBAL_ACCENT_COLOR_NAME = AccentColor;
				CODE_SIGN_STYLE = Automatic;
				CURRENT_PROJECT_VERSION = 1;
				GENERATE_INFOPLIST_FILE = YES;
				INFOPLIST_FILE = "Tutorial 09 - ChartModifier To ViewModel/Info.plist";
				INFOPLIST_KEY_UIApplicationSupportsIndirectInputEvents = YES;
				INFOPLIST_KEY_UILaunchStoryboardName = LaunchScreen;
				INFOPLIST_KEY_UISupportedInterfaceOrientations_iPad = "UIInterfaceOrientationPortrait UIInterfaceOrientationPortraitUpsideDown UIInterfaceOrientationLandscapeLeft UIInterfaceOrientationLandscapeRight";
				INFOPLIST_KEY_UISupportedInterfaceOrientations_iPhone = "UIInterfaceOrientationPortrait UIInterfaceOrientationLandscapeLeft UIInterfaceOrientationLandscapeRight";
				LD_RUNPATH_SEARCH_PATHS = (
					"$(inherited)",
					"@executable_path/Frameworks",
				);
				MARKETING_VERSION = 1.0;
				PRODUCT_BUNDLE_IDENTIFIER = "com.cn.Tutorial-09---ChartModifier-To-ViewModel";
				PRODUCT_NAME = "$(TARGET_NAME)";
				SWIFT_EMIT_LOC_STRINGS = YES;
				SWIFT_VERSION = 5.0;
				TARGETED_DEVICE_FAMILY = "1,2";
			};
			name = Release;
		};
		C20ED4802E657E0700CDADBD /* Debug */ = {
			isa = XCBuildConfiguration;
			buildSettings = {
				ALWAYS_SEARCH_USER_PATHS = NO;
				ASSETCATALOG_COMPILER_GENERATE_SWIFT_ASSET_SYMBOL_EXTENSIONS = YES;
				CLANG_ANALYZER_NONNULL = YES;
				CLANG_ANALYZER_NUMBER_OBJECT_CONVERSION = YES_AGGRESSIVE;
				CLANG_CXX_LANGUAGE_STANDARD = "gnu++20";
				CLANG_ENABLE_MODULES = YES;
				CLANG_ENABLE_OBJC_ARC = YES;
				CLANG_ENABLE_OBJC_WEAK = YES;
				CLANG_WARN_BLOCK_CAPTURE_AUTORELEASING = YES;
				CLANG_WARN_BOOL_CONVERSION = YES;
				CLANG_WARN_COMMA = YES;
				CLANG_WARN_CONSTANT_CONVERSION = YES;
				CLANG_WARN_DEPRECATED_OBJC_IMPLEMENTATIONS = YES;
				CLANG_WARN_DIRECT_OBJC_ISA_USAGE = YES_ERROR;
				CLANG_WARN_DOCUMENTATION_COMMENTS = YES;
				CLANG_WARN_EMPTY_BODY = YES;
				CLANG_WARN_ENUM_CONVERSION = YES;
				CLANG_WARN_INFINITE_RECURSION = YES;
				CLANG_WARN_INT_CONVERSION = YES;
				CLANG_WARN_NON_LITERAL_NULL_CONVERSION = YES;
				CLANG_WARN_OBJC_IMPLICIT_RETAIN_SELF = YES;
				CLANG_WARN_OBJC_LITERAL_CONVERSION = YES;
				CLANG_WARN_OBJC_ROOT_CLASS = YES_ERROR;
				CLANG_WARN_QUOTED_INCLUDE_IN_FRAMEWORK_HEADER = YES;
				CLANG_WARN_RANGE_LOOP_ANALYSIS = YES;
				CLANG_WARN_STRICT_PROTOTYPES = YES;
				CLANG_WARN_SUSPICIOUS_MOVE = YES;
				CLANG_WARN_UNGUARDED_AVAILABILITY = YES_AGGRESSIVE;
				CLANG_WARN_UNREACHABLE_CODE = YES;
				CLANG_WARN__DUPLICATE_METHOD_MATCH = YES;
				COPY_PHASE_STRIP = NO;
				DEBUG_INFORMATION_FORMAT = dwarf;
				ENABLE_STRICT_OBJC_MSGSEND = YES;
				ENABLE_TESTABILITY = YES;
				ENABLE_USER_SCRIPT_SANDBOXING = YES;
				GCC_C_LANGUAGE_STANDARD = gnu17;
				GCC_DYNAMIC_NO_PIC = NO;
				GCC_NO_COMMON_BLOCKS = YES;
				GCC_OPTIMIZATION_LEVEL = 0;
				GCC_PREPROCESSOR_DEFINITIONS = (
					"DEBUG=1",
					"$(inherited)",
				);
				GCC_WARN_64_TO_32_BIT_CONVERSION = YES;
				GCC_WARN_ABOUT_RETURN_TYPE = YES_ERROR;
				GCC_WARN_UNDECLARED_SELECTOR = YES;
				GCC_WARN_UNINITIALIZED_AUTOS = YES_AGGRESSIVE;
				GCC_WARN_UNUSED_FUNCTION = YES;
				GCC_WARN_UNUSED_VARIABLE = YES;
				IPHONEOS_DEPLOYMENT_TARGET = 18.5;
				LOCALIZATION_PREFERS_STRING_CATALOGS = YES;
				MTL_ENABLE_DEBUG_INFO = INCLUDE_SOURCE;
				MTL_FAST_MATH = YES;
				ONLY_ACTIVE_ARCH = YES;
				SDKROOT = iphoneos;
				SWIFT_ACTIVE_COMPILATION_CONDITIONS = "DEBUG $(inherited)";
				SWIFT_OPTIMIZATION_LEVEL = "-Onone";
			};
			name = Debug;
		};
		C20ED4812E657E0700CDADBD /* Release */ = {
			isa = XCBuildConfiguration;
			buildSettings = {
				ALWAYS_SEARCH_USER_PATHS = NO;
				ASSETCATALOG_COMPILER_GENERATE_SWIFT_ASSET_SYMBOL_EXTENSIONS = YES;
				CLANG_ANALYZER_NONNULL = YES;
				CLANG_ANALYZER_NUMBER_OBJECT_CONVERSION = YES_AGGRESSIVE;
				CLANG_CXX_LANGUAGE_STANDARD = "gnu++20";
				CLANG_ENABLE_MODULES = YES;
				CLANG_ENABLE_OBJC_ARC = YES;
				CLANG_ENABLE_OBJC_WEAK = YES;
				CLANG_WARN_BLOCK_CAPTURE_AUTORELEASING = YES;
				CLANG_WARN_BOOL_CONVERSION = YES;
				CLANG_WARN_COMMA = YES;
				CLANG_WARN_CONSTANT_CONVERSION = YES;
				CLANG_WARN_DEPRECATED_OBJC_IMPLEMENTATIONS = YES;
				CLANG_WARN_DIRECT_OBJC_ISA_USAGE = YES_ERROR;
				CLANG_WARN_DOCUMENTATION_COMMENTS = YES;
				CLANG_WARN_EMPTY_BODY = YES;
				CLANG_WARN_ENUM_CONVERSION = YES;
				CLANG_WARN_INFINITE_RECURSION = YES;
				CLANG_WARN_INT_CONVERSION = YES;
				CLANG_WARN_NON_LITERAL_NULL_CONVERSION = YES;
				CLANG_WARN_OBJC_IMPLICIT_RETAIN_SELF = YES;
				CLANG_WARN_OBJC_LITERAL_CONVERSION = YES;
				CLANG_WARN_OBJC_ROOT_CLASS = YES_ERROR;
				CLANG_WARN_QUOTED_INCLUDE_IN_FRAMEWORK_HEADER = YES;
				CLANG_WARN_RANGE_LOOP_ANALYSIS = YES;
				CLANG_WARN_STRICT_PROTOTYPES = YES;
				CLANG_WARN_SUSPICIOUS_MOVE = YES;
				CLANG_WARN_UNGUARDED_AVAILABILITY = YES_AGGRESSIVE;
				CLANG_WARN_UNREACHABLE_CODE = YES;
				CLANG_WARN__DUPLICATE_METHOD_MATCH = YES;
				COPY_PHASE_STRIP = NO;
				DEBUG_INFORMATION_FORMAT = "dwarf-with-dsym";
				ENABLE_NS_ASSERTIONS = NO;
				ENABLE_STRICT_OBJC_MSGSEND = YES;
				ENABLE_USER_SCRIPT_SANDBOXING = YES;
				GCC_C_LANGUAGE_STANDARD = gnu17;
				GCC_NO_COMMON_BLOCKS = YES;
				GCC_WARN_64_TO_32_BIT_CONVERSION = YES;
				GCC_WARN_ABOUT_RETURN_TYPE = YES_ERROR;
				GCC_WARN_UNDECLARED_SELECTOR = YES;
				GCC_WARN_UNINITIALIZED_AUTOS = YES_AGGRESSIVE;
				GCC_WARN_UNUSED_FUNCTION = YES;
				GCC_WARN_UNUSED_VARIABLE = YES;
				IPHONEOS_DEPLOYMENT_TARGET = 18.5;
				LOCALIZATION_PREFERS_STRING_CATALOGS = YES;
				MTL_ENABLE_DEBUG_INFO = NO;
				MTL_FAST_MATH = YES;
				SDKROOT = iphoneos;
				SWIFT_COMPILATION_MODE = wholemodule;
				VALIDATE_PRODUCT = YES;
			};
			name = Release;
		};
/* End XCBuildConfiguration section */

/* Begin XCConfigurationList section */
		C20ED4652E657E0600CDADBD /* Build configuration list for PBXProject "Tutorial 09 - ChartModifier To ViewModel" */ = {
			isa = XCConfigurationList;
			buildConfigurations = (
				C20ED4802E657E0700CDADBD /* Debug */,
				C20ED4812E657E0700CDADBD /* Release */,
			);
			defaultConfigurationIsVisible = 0;
			defaultConfigurationName = Release;
		};
		C20ED47D2E657E0700CDADBD /* Build configuration list for PBXNativeTarget "Tutorial 09 - ChartModifier To ViewModel" */ = {
			isa = XCConfigurationList;
			buildConfigurations = (
				C20ED47E2E657E0700CDADBD /* Debug */,
				C20ED47F2E657E0700CDADBD /* Release */,
			);
			defaultConfigurationIsVisible = 0;
			defaultConfigurationName = Release;
		};
/* End XCConfigurationList section */

/* Begin XCRemoteSwiftPackageReference section */
		C20ED4862E657F9800CDADBD /* XCRemoteSwiftPackageReference "SciChart-SP" */ = {
			isa = XCRemoteSwiftPackageReference;
			repositoryURL = "https://github.com/ABTSoftware/SciChart-SP.git";
			requirement = {
				kind = upToNextMajorVersion;
				minimumVersion = 4.6.1;
			};
		};
/* End XCRemoteSwiftPackageReference section */

/* Begin XCSwiftPackageProductDependency section */
		C20ED4872E657F9800CDADBD /* SciChart */ = {
			isa = XCSwiftPackageProductDependency;
			package = C20ED4862E657F9800CDADBD /* XCRemoteSwiftPackageReference "SciChart-SP" */;
			productName = SciChart;
		};
/* End XCSwiftPackageProductDependency section */
	};
	rootObject = C20ED4622E657E0600CDADBD /* Project object */;
}
