{
  "originHash" : "bb300d19f1727d2e787c3442ec8d6e91f04ff4685980deff8c945a00ce260459",
  "pins" : [
    {
      "identity" : "scichart-sp",
      "kind" : "remoteSourceControl",
      "location" : "https://github.com/ABTSoftware/SciChart-SP.git",
      "state" : {
        "revision" : "abda81aea16f9919de656902cd84e98ed76de1ae",
        "version" : "4.6.1"
      }
    }
  ],
  "version" : 3
}
